
Microsoft Visual Studio Solution File, Format Version 12.00
# Visual Studio Version 17
VisualStudioVersion = 17.2.32526.322
MinimumVisualStudioVersion = 10.0.40219.1
Project("{FAE04EC0-301F-11D3-BF4B-00C04F79EFBC}") = "EfSample", "EfSample\EfSample.csproj", "{E01DD0B7-15B4-42EE-943D-BE870C4AF166}"
EndProject
Global
	GlobalSection(SolutionConfigurationPlatforms) = preSolution
		Debug|Any CPU = Debug|Any CPU
		Release|Any CPU = Release|Any CPU
	EndGlobalSection
	GlobalSection(ProjectConfigurationPlatforms) = postSolution
		{E01DD0B7-15B4-42EE-943D-BE870C4AF166}.Debug|Any CPU.ActiveCfg = Debug|Any CPU
		{E01DD0B7-15B4-42EE-943D-BE870C4AF166}.Debug|Any CPU.Build.0 = Debug|Any CPU
		{E01DD0B7-15B4-42EE-943D-BE870C4AF166}.Release|Any CPU.ActiveCfg = Release|Any CPU
		{E01DD0B7-15B4-42EE-943D-BE870C4AF166}.Release|Any CPU.Build.0 = Release|Any CPU
	EndGlobalSection
	GlobalSection(SolutionProperties) = preSolution
		HideSolutionNode = FALSE
	EndGlobalSection
	GlobalSection(ExtensibilityGlobals) = postSolution
		SolutionGuid = {F97E60D5-AF55-4B82-884E-546D10CD3D25}
	EndGlobalSection
EndGlobal
